
Microsoft Visual Studio Solution File, Format Version 12.00
# Visual Studio Version 17
VisualStudioVersion = 17.9.34902.65
MinimumVisualStudioVersion = 10.0.40219.1
Project("{FAE04EC0-301F-11D3-BF4B-00C04F79EFBC}") = "ProcesioWebApi", "ProcesioWebApi\ProcesioWebApi.csproj", "{24D82F7A-A816-42F2-9672-1882C644EC3D}"
EndProject
Global
	GlobalSection(SolutionConfigurationPlatforms) = preSolution
		Debug|Any CPU = Debug|Any CPU
		Release|Any CPU = Release|Any CPU
	EndGlobalSection
	GlobalSection(ProjectConfigurationPlatforms) = postSolution
		{24D82F7A-A816-42F2-9672-1882C644EC3D}.Debug|Any CPU.ActiveCfg = Debug|Any CPU
		{24D82F7A-A816-42F2-9672-1882C644EC3D}.Debug|Any CPU.Build.0 = Debug|Any CPU
		{24D82F7A-A816-42F2-9672-1882C644EC3D}.Release|Any CPU.ActiveCfg = Release|Any CPU
		{24D82F7A-A816-42F2-9672-1882C644EC3D}.Release|Any CPU.Build.0 = Release|Any CPU
	EndGlobalSection
	GlobalSection(SolutionProperties) = preSolution
		HideSolutionNode = FALSE
	EndGlobalSection
	GlobalSection(ExtensibilityGlobals) = postSolution
		SolutionGuid = {06325D60-B4D6-4328-89AE-63C12791CC81}
	EndGlobalSection
EndGlobal
